
Microsoft Visual Studio Solution File, Format Version 12.00
# Visual Studio Version 17
VisualStudioVersion = 17.0.31903.59
MinimumVisualStudioVersion = 10.0.40219.1
Project("{FAE04EC0-301F-11D3-BF4B-00C04F79EFBC}") = "HunterPie", "HunterPie\HunterPie.csproj", "{6743DB8D-1AEB-4363-B748-DCDAC3F643E9}"
EndProject
Project("{FAE04EC0-301F-11D3-BF4B-00C04F79EFBC}") = "HunterPie.Core", "HunterPie.Core\HunterPie.Core.csproj", "{4B1222E7-4E54-447E-A45E-C11AD4D7D764}"
EndProject
Project("{FAE04EC0-301F-11D3-BF4B-00C04F79EFBC}") = "HunterPie.Integrations", "HunterPie.Integrations\HunterPie.Integrations.csproj", "{CF263CD7-F291-4D70-B0B3-36BF9293532A}"
EndProject
Project("{FAE04EC0-301F-11D3-BF4B-00C04F79EFBC}") = "HunterPie.UI", "HunterPie.UI\HunterPie.UI.csproj", "{28B557FF-1CD1-4A3F-8AD5-7C5D17399CC1}"
EndProject
Project("{FAE04EC0-301F-11D3-BF4B-00C04F79EFBC}") = "HunterPie.Core.Tests", "HunterPie.Core.Tests\HunterPie.Core.Tests.csproj", "{C3F96E4C-DCA1-40A7-9588-2BB5E0542C7A}"
EndProject
Global
	GlobalSection(SolutionConfigurationPlatforms) = preSolution
		Debug|Any CPU = Debug|Any CPU
		Debug|Win32 = Debug|Win32
		Debug|Linux = Debug|Linux
		Debug|MacOS = Debug|MacOS
		Release|Any CPU = Release|Any CPU
		Release|Win32 = Release|Win32
		Release|Linux = Release|Linux
		Release|MacOS = Release|MacOS
		Deploy|Any CPU = Deploy|Any CPU
		Deploy|Win32 = Deploy|Win32
		Deploy|Linux = Deploy|Linux
		Deploy|MacOS = Deploy|MacOS
	EndGlobalSection
	GlobalSection(SolutionProperties) = preSolution
		HideSolutionNode = FALSE
	EndGlobalSection
	GlobalSection(ProjectConfigurationPlatforms) = postSolution
		{6743DB8D-1AEB-4363-B748-DCDAC3F643E9}.Debug|Any CPU.ActiveCfg = Debug|Any CPU
		{6743DB8D-1AEB-4363-B748-DCDAC3F643E9}.Debug|Any CPU.Build.0 = Debug|Any CPU
		{6743DB8D-1AEB-4363-B748-DCDAC3F643E9}.Release|Any CPU.ActiveCfg = Release|Any CPU
		{6743DB8D-1AEB-4363-B748-DCDAC3F643E9}.Release|Any CPU.Build.0 = Release|Any CPU
		{6743DB8D-1AEB-4363-B748-DCDAC3F643E9}.Deploy|Any CPU.ActiveCfg = Deploy|Any CPU
		{6743DB8D-1AEB-4363-B748-DCDAC3F643E9}.Deploy|Any CPU.Build.0 = Deploy|Any CPU
		{6743DB8D-1AEB-4363-B748-DCDAC3F643E9}.Deploy|Any CPU.Deploy.0 = Deploy|Any CPU
		{6743DB8D-1AEB-4363-B748-DCDAC3F643E9}.Debug|Win32.ActiveCfg = Debug|Win32
		{6743DB8D-1AEB-4363-B748-DCDAC3F643E9}.Debug|Win32.Build.0 = Debug|Win32
		{6743DB8D-1AEB-4363-B748-DCDAC3F643E9}.Debug|Linux.ActiveCfg = Debug|Linux
		{6743DB8D-1AEB-4363-B748-DCDAC3F643E9}.Debug|Linux.Build.0 = Debug|Linux
		{6743DB8D-1AEB-4363-B748-DCDAC3F643E9}.Debug|MacOS.ActiveCfg = Debug|MacOS
		{6743DB8D-1AEB-4363-B748-DCDAC3F643E9}.Debug|MacOS.Build.0 = Debug|MacOS
		{6743DB8D-1AEB-4363-B748-DCDAC3F643E9}.Release|Win32.ActiveCfg = Release|Win32
		{6743DB8D-1AEB-4363-B748-DCDAC3F643E9}.Release|Win32.Build.0 = Release|Win32
		{6743DB8D-1AEB-4363-B748-DCDAC3F643E9}.Release|Linux.ActiveCfg = Release|Linux
		{6743DB8D-1AEB-4363-B748-DCDAC3F643E9}.Release|Linux.Build.0 = Release|Linux
		{6743DB8D-1AEB-4363-B748-DCDAC3F643E9}.Release|MacOS.ActiveCfg = Release|MacOS
		{6743DB8D-1AEB-4363-B748-DCDAC3F643E9}.Release|MacOS.Build.0 = Release|MacOS
		{6743DB8D-1AEB-4363-B748-DCDAC3F643E9}.Deploy|Win32.ActiveCfg = Deploy|Win32
		{6743DB8D-1AEB-4363-B748-DCDAC3F643E9}.Deploy|Win32.Build.0 = Deploy|Win32
		{6743DB8D-1AEB-4363-B748-DCDAC3F643E9}.Deploy|Win32.Deploy.0 = Deploy|Win32
		{6743DB8D-1AEB-4363-B748-DCDAC3F643E9}.Deploy|Linux.ActiveCfg = Deploy|Linux
		{6743DB8D-1AEB-4363-B748-DCDAC3F643E9}.Deploy|Linux.Build.0 = Deploy|Linux
		{6743DB8D-1AEB-4363-B748-DCDAC3F643E9}.Deploy|Linux.Deploy.0 = Deploy|Linux
		{6743DB8D-1AEB-4363-B748-DCDAC3F643E9}.Deploy|MacOS.ActiveCfg = Deploy|MacOS
		{6743DB8D-1AEB-4363-B748-DCDAC3F643E9}.Deploy|MacOS.Build.0 = Deploy|MacOS
		{6743DB8D-1AEB-4363-B748-DCDAC3F643E9}.Deploy|MacOS.Deploy.0 = Deploy|MacOS
		{4B1222E7-4E54-447E-A45E-C11AD4D7D764}.Debug|Any CPU.ActiveCfg = Debug|Any CPU
		{4B1222E7-4E54-447E-A45E-C11AD4D7D764}.Debug|Any CPU.Build.0 = Debug|Any CPU
		{4B1222E7-4E54-447E-A45E-C11AD4D7D764}.Release|Any CPU.ActiveCfg = Release|Any CPU
		{4B1222E7-4E54-447E-A45E-C11AD4D7D764}.Release|Any CPU.Build.0 = Release|Any CPU
		{4B1222E7-4E54-447E-A45E-C11AD4D7D764}.Deploy|Any CPU.ActiveCfg = Deploy|Any CPU
		{4B1222E7-4E54-447E-A45E-C11AD4D7D764}.Deploy|Any CPU.Build.0 = Deploy|Any CPU
		{4B1222E7-4E54-447E-A45E-C11AD4D7D764}.Deploy|Any CPU.Deploy.0 = Deploy|Any CPU
		{4B1222E7-4E54-447E-A45E-C11AD4D7D764}.Debug|Win32.ActiveCfg = Debug|Win32
		{4B1222E7-4E54-447E-A45E-C11AD4D7D764}.Debug|Win32.Build.0 = Debug|Win32
		{4B1222E7-4E54-447E-A45E-C11AD4D7D764}.Debug|Linux.ActiveCfg = Debug|Linux
		{4B1222E7-4E54-447E-A45E-C11AD4D7D764}.Debug|Linux.Build.0 = Debug|Linux
		{4B1222E7-4E54-447E-A45E-C11AD4D7D764}.Debug|MacOS.ActiveCfg = Debug|MacOS
		{4B1222E7-4E54-447E-A45E-C11AD4D7D764}.Debug|MacOS.Build.0 = Debug|MacOS
		{4B1222E7-4E54-447E-A45E-C11AD4D7D764}.Release|Win32.ActiveCfg = Release|Win32
		{4B1222E7-4E54-447E-A45E-C11AD4D7D764}.Release|Win32.Build.0 = Release|Win32
		{4B1222E7-4E54-447E-A45E-C11AD4D7D764}.Release|Linux.ActiveCfg = Release|Linux
		{4B1222E7-4E54-447E-A45E-C11AD4D7D764}.Release|Linux.Build.0 = Release|Linux
		{4B1222E7-4E54-447E-A45E-C11AD4D7D764}.Release|MacOS.ActiveCfg = Release|MacOS
		{4B1222E7-4E54-447E-A45E-C11AD4D7D764}.Release|MacOS.Build.0 = Release|MacOS
		{4B1222E7-4E54-447E-A45E-C11AD4D7D764}.Deploy|Win32.ActiveCfg = Deploy|Win32
		{4B1222E7-4E54-447E-A45E-C11AD4D7D764}.Deploy|Win32.Build.0 = Deploy|Win32
		{4B1222E7-4E54-447E-A45E-C11AD4D7D764}.Deploy|Win32.Deploy.0 = Deploy|Win32
		{4B1222E7-4E54-447E-A45E-C11AD4D7D764}.Deploy|Linux.ActiveCfg = Deploy|Linux
		{4B1222E7-4E54-447E-A45E-C11AD4D7D764}.Deploy|Linux.Build.0 = Deploy|Linux
		{4B1222E7-4E54-447E-A45E-C11AD4D7D764}.Deploy|Linux.Deploy.0 = Deploy|Linux
		{4B1222E7-4E54-447E-A45E-C11AD4D7D764}.Deploy|MacOS.ActiveCfg = Deploy|MacOS
		{4B1222E7-4E54-447E-A45E-C11AD4D7D764}.Deploy|MacOS.Build.0 = Deploy|MacOS
		{4B1222E7-4E54-447E-A45E-C11AD4D7D764}.Deploy|MacOS.Deploy.0 = Deploy|MacOS
		{CF263CD7-F291-4D70-B0B3-36BF9293532A}.Debug|Any CPU.ActiveCfg = Debug|Any CPU
		{CF263CD7-F291-4D70-B0B3-36BF9293532A}.Debug|Any CPU.Build.0 = Debug|Any CPU
		{CF263CD7-F291-4D70-B0B3-36BF9293532A}.Release|Any CPU.ActiveCfg = Release|Any CPU
		{CF263CD7-F291-4D70-B0B3-36BF9293532A}.Release|Any CPU.Build.0 = Release|Any CPU
		{CF263CD7-F291-4D70-B0B3-36BF9293532A}.Deploy|Any CPU.ActiveCfg = Deploy|Any CPU
		{CF263CD7-F291-4D70-B0B3-36BF9293532A}.Deploy|Any CPU.Build.0 = Deploy|Any CPU
		{CF263CD7-F291-4D70-B0B3-36BF9293532A}.Deploy|Any CPU.Deploy.0 = Deploy|Any CPU
		{CF263CD7-F291-4D70-B0B3-36BF9293532A}.Debug|Win32.ActiveCfg = Debug|Win32
		{CF263CD7-F291-4D70-B0B3-36BF9293532A}.Debug|Win32.Build.0 = Debug|Win32
		{CF263CD7-F291-4D70-B0B3-36BF9293532A}.Debug|Linux.ActiveCfg = Debug|Linux
		{CF263CD7-F291-4D70-B0B3-36BF9293532A}.Debug|Linux.Build.0 = Debug|Linux
		{CF263CD7-F291-4D70-B0B3-36BF9293532A}.Debug|MacOS.ActiveCfg = Debug|MacOS
		{CF263CD7-F291-4D70-B0B3-36BF9293532A}.Debug|MacOS.Build.0 = Debug|MacOS
		{CF263CD7-F291-4D70-B0B3-36BF9293532A}.Release|Win32.ActiveCfg = Release|Win32
		{CF263CD7-F291-4D70-B0B3-36BF9293532A}.Release|Win32.Build.0 = Release|Win32
		{CF263CD7-F291-4D70-B0B3-36BF9293532A}.Release|Linux.ActiveCfg = Release|Linux
		{CF263CD7-F291-4D70-B0B3-36BF9293532A}.Release|Linux.Build.0 = Release|Linux
		{CF263CD7-F291-4D70-B0B3-36BF9293532A}.Release|MacOS.ActiveCfg = Release|MacOS
		{CF263CD7-F291-4D70-B0B3-36BF9293532A}.Release|MacOS.Build.0 = Release|MacOS
		{CF263CD7-F291-4D70-B0B3-36BF9293532A}.Deploy|Win32.ActiveCfg = Deploy|Win32
		{CF263CD7-F291-4D70-B0B3-36BF9293532A}.Deploy|Win32.Build.0 = Deploy|Win32
		{CF263CD7-F291-4D70-B0B3-36BF9293532A}.Deploy|Win32.Deploy.0 = Deploy|Win32
		{CF263CD7-F291-4D70-B0B3-36BF9293532A}.Deploy|Linux.ActiveCfg = Deploy|Linux
		{CF263CD7-F291-4D70-B0B3-36BF9293532A}.Deploy|Linux.Build.0 = Deploy|Linux
		{CF263CD7-F291-4D70-B0B3-36BF9293532A}.Deploy|Linux.Deploy.0 = Deploy|Linux
		{CF263CD7-F291-4D70-B0B3-36BF9293532A}.Deploy|MacOS.ActiveCfg = Deploy|MacOS
		{CF263CD7-F291-4D70-B0B3-36BF9293532A}.Deploy|MacOS.Build.0 = Deploy|MacOS
		{CF263CD7-F291-4D70-B0B3-36BF9293532A}.Deploy|MacOS.Deploy.0 = Deploy|MacOS
		{28B557FF-1CD1-4A3F-8AD5-7C5D17399CC1}.Debug|Any CPU.ActiveCfg = Debug|Any CPU
		{28B557FF-1CD1-4A3F-8AD5-7C5D17399CC1}.Debug|Any CPU.Build.0 = Debug|Any CPU
		{28B557FF-1CD1-4A3F-8AD5-7C5D17399CC1}.Release|Any CPU.ActiveCfg = Release|Any CPU
		{28B557FF-1CD1-4A3F-8AD5-7C5D17399CC1}.Release|Any CPU.Build.0 = Release|Any CPU
		{28B557FF-1CD1-4A3F-8AD5-7C5D17399CC1}.Deploy|Any CPU.ActiveCfg = Deploy|Any CPU
		{28B557FF-1CD1-4A3F-8AD5-7C5D17399CC1}.Deploy|Any CPU.Build.0 = Deploy|Any CPU
		{28B557FF-1CD1-4A3F-8AD5-7C5D17399CC1}.Deploy|Any CPU.Deploy.0 = Deploy|Any CPU
		{28B557FF-1CD1-4A3F-8AD5-7C5D17399CC1}.Debug|Win32.ActiveCfg = Debug|Win32
		{28B557FF-1CD1-4A3F-8AD5-7C5D17399CC1}.Debug|Win32.Build.0 = Debug|Win32
		{28B557FF-1CD1-4A3F-8AD5-7C5D17399CC1}.Debug|Linux.ActiveCfg = Debug|Linux
		{28B557FF-1CD1-4A3F-8AD5-7C5D17399CC1}.Debug|Linux.Build.0 = Debug|Linux
		{28B557FF-1CD1-4A3F-8AD5-7C5D17399CC1}.Debug|MacOS.ActiveCfg = Debug|MacOS
		{28B557FF-1CD1-4A3F-8AD5-7C5D17399CC1}.Debug|MacOS.Build.0 = Debug|MacOS
		{28B557FF-1CD1-4A3F-8AD5-7C5D17399CC1}.Release|Win32.ActiveCfg = Release|Win32
		{28B557FF-1CD1-4A3F-8AD5-7C5D17399CC1}.Release|Win32.Build.0 = Release|Win32
		{28B557FF-1CD1-4A3F-8AD5-7C5D17399CC1}.Release|Linux.ActiveCfg = Release|Linux
		{28B557FF-1CD1-4A3F-8AD5-7C5D17399CC1}.Release|Linux.Build.0 = Release|Linux
		{28B557FF-1CD1-4A3F-8AD5-7C5D17399CC1}.Release|MacOS.ActiveCfg = Release|MacOS
		{28B557FF-1CD1-4A3F-8AD5-7C5D17399CC1}.Release|MacOS.Build.0 = Release|MacOS
		{28B557FF-1CD1-4A3F-8AD5-7C5D17399CC1}.Deploy|Win32.ActiveCfg = Deploy|Win32
		{28B557FF-1CD1-4A3F-8AD5-7C5D17399CC1}.Deploy|Win32.Build.0 = Deploy|Win32
		{28B557FF-1CD1-4A3F-8AD5-7C5D17399CC1}.Deploy|Win32.Deploy.0 = Deploy|Win32
		{28B557FF-1CD1-4A3F-8AD5-7C5D17399CC1}.Deploy|Linux.ActiveCfg = Deploy|Linux
		{28B557FF-1CD1-4A3F-8AD5-7C5D17399CC1}.Deploy|Linux.Build.0 = Deploy|Linux
		{28B557FF-1CD1-4A3F-8AD5-7C5D17399CC1}.Deploy|Linux.Deploy.0 = Deploy|Linux
		{28B557FF-1CD1-4A3F-8AD5-7C5D17399CC1}.Deploy|MacOS.ActiveCfg = Deploy|MacOS
		{28B557FF-1CD1-4A3F-8AD5-7C5D17399CC1}.Deploy|MacOS.Build.0 = Deploy|MacOS
		{28B557FF-1CD1-4A3F-8AD5-7C5D17399CC1}.Deploy|MacOS.Deploy.0 = Deploy|MacOS
		{C3F96E4C-DCA1-40A7-9588-2BB5E0542C7A}.Debug|Any CPU.ActiveCfg = Debug|Any CPU
		{C3F96E4C-DCA1-40A7-9588-2BB5E0542C7A}.Debug|Any CPU.Build.0 = Debug|Any CPU
		{C3F96E4C-DCA1-40A7-9588-2BB5E0542C7A}.Release|Any CPU.ActiveCfg = Release|Any CPU
		{C3F96E4C-DCA1-40A7-9588-2BB5E0542C7A}.Release|Any CPU.Build.0 = Release|Any CPU
		{C3F96E4C-DCA1-40A7-9588-2BB5E0542C7A}.Deploy|Any CPU.ActiveCfg = Deploy|Any CPU
		{C3F96E4C-DCA1-40A7-9588-2BB5E0542C7A}.Deploy|Any CPU.Build.0 = Deploy|Any CPU
		{C3F96E4C-DCA1-40A7-9588-2BB5E0542C7A}.Deploy|Any CPU.Deploy.0 = Deploy|Any CPU
		{C3F96E4C-DCA1-40A7-9588-2BB5E0542C7A}.Debug|Win32.ActiveCfg = Debug|Win32
		{C3F96E4C-DCA1-40A7-9588-2BB5E0542C7A}.Debug|Win32.Build.0 = Debug|Win32
		{C3F96E4C-DCA1-40A7-9588-2BB5E0542C7A}.Debug|Linux.ActiveCfg = Debug|Linux
		{C3F96E4C-DCA1-40A7-9588-2BB5E0542C7A}.Debug|Linux.Build.0 = Debug|Linux
		{C3F96E4C-DCA1-40A7-9588-2BB5E0542C7A}.Debug|MacOS.ActiveCfg = Debug|MacOS
		{C3F96E4C-DCA1-40A7-9588-2BB5E0542C7A}.Debug|MacOS.Build.0 = Debug|MacOS
		{C3F96E4C-DCA1-40A7-9588-2BB5E0542C7A}.Release|Win32.ActiveCfg = Release|Win32
		{C3F96E4C-DCA1-40A7-9588-2BB5E0542C7A}.Release|Win32.Build.0 = Release|Win32
		{C3F96E4C-DCA1-40A7-9588-2BB5E0542C7A}.Release|Linux.ActiveCfg = Release|Linux
		{C3F96E4C-DCA1-40A7-9588-2BB5E0542C7A}.Release|Linux.Build.0 = Release|Linux
		{C3F96E4C-DCA1-40A7-9588-2BB5E0542C7A}.Release|MacOS.ActiveCfg = Release|MacOS
		{C3F96E4C-DCA1-40A7-9588-2BB5E0542C7A}.Release|MacOS.Build.0 = Release|MacOS
		{C3F96E4C-DCA1-40A7-9588-2BB5E0542C7A}.Deploy|Win32.ActiveCfg = Deploy|Win32
		{C3F96E4C-DCA1-40A7-9588-2BB5E0542C7A}.Deploy|Win32.Build.0 = Deploy|Win32
		{C3F96E4C-DCA1-40A7-9588-2BB5E0542C7A}.Deploy|Win32.Deploy.0 = Deploy|Win32
		{C3F96E4C-DCA1-40A7-9588-2BB5E0542C7A}.Deploy|Linux.ActiveCfg = Deploy|Linux
		{C3F96E4C-DCA1-40A7-9588-2BB5E0542C7A}.Deploy|Linux.Build.0 = Deploy|Linux
		{C3F96E4C-DCA1-40A7-9588-2BB5E0542C7A}.Deploy|Linux.Deploy.0 = Deploy|Linux
		{C3F96E4C-DCA1-40A7-9588-2BB5E0542C7A}.Deploy|MacOS.ActiveCfg = Deploy|MacOS
		{C3F96E4C-DCA1-40A7-9588-2BB5E0542C7A}.Deploy|MacOS.Build.0 = Deploy|MacOS
		{C3F96E4C-DCA1-40A7-9588-2BB5E0542C7A}.Deploy|MacOS.Deploy.0 = Deploy|MacOS
	EndGlobalSection
EndGlobal
